{
  "name": "sync-containers",
  "version": "0.3.6",
  "lockfileVersion": 1,
  "dependencies": {
    "@types/mocha": {
      "version": "2.2.41",
      "resolved": "https://registry.npmjs.org/@types/mocha/-/mocha-2.2.41.tgz",
      "integrity": "sha1-4nzwgXFT658nE7LT9saPHhw8pgg=",
      "dev": true
    }
  }
}
